{
  "version": 4,
  "terraform_version": "1.10.5",
  "serial": 45,
  "lineage": "0ba007b6-0881-76dc-e378-a71d5207a274",
  "outputs": {},
  "resources": [
    {
      "module": "module.azurerm_compute",
      "mode": "data",
      "type": "azurerm_key_vault",
      "name": "kv",
      "provider": "provider[\"registry.terraform.io/hashicorp/azurerm\"]",
      "instances": [
        {
          "index_key": "compute1",
          "schema_version": 0,
          "attributes": {
            "access_policy": [
              {
                "application_id": "",
                "certificate_permissions": [],
                "key_permissions": [
                  "Get",
                  "List",
                  "Update",
                  "Create",
                  "Import",
                  "Delete",
                  "Recover",
                  "Backup",
                  "Restore",
                  "Decrypt",
                  "Encrypt",
                  "UnwrapKey",
                  "WrapKey",
                  "Verify",
                  "Sign",
                  "Purge",
                  "Release",
                  "Rotate",
                  "GetRotationPolicy",
                  "SetRotationPolicy"
                ],
                "object_id": "d79697f6-3cf3-4241-aa30-365556e5d881",
                "secret_permissions": [
                  "Get",
                  "List",
                  "Set",
                  "Delete",
                  "Recover",
                  "Backup",
                  "Restore",
                  "Purge"
                ],
                "storage_permissions": [
                  "Get"
                ],
                "tenant_id": "1d97f3d7-8c73-4dac-92de-52afae52edbb"
              }
            ],
            "enable_rbac_authorization": true,
            "enabled_for_deployment": false,
            "enabled_for_disk_encryption": true,
            "enabled_for_template_deployment": false,
            "id": "/subscriptions/22135bdc-d3fd-4095-9a18-2094dab79b13/resourceGroups/deep-rg-1/providers/Microsoft.KeyVault/vaults/myappazurekv",
            "location": "westus",
            "name": "myappazurekv",
            "network_acls": [],
            "public_network_access_enabled": true,
            "purge_protection_enabled": false,
            "rbac_authorization_enabled": true,
            "resource_group_name": "deep-rg-1",
            "sku_name": "standard",
            "tags": {},
            "tenant_id": "1d97f3d7-8c73-4dac-92de-52afae52edbb",
            "timeouts": null,
            "vault_uri": "https://myappazurekv.vault.azure.net/"
          },
          "sensitive_attributes": []
        },
        {
          "index_key": "compute2",
          "schema_version": 0,
          "attributes": {
            "access_policy": [
              {
                "application_id": "",
                "certificate_permissions": [],
                "key_permissions": [
                  "Get",
                  "List",
                  "Update",
                  "Create",
                  "Import",
                  "Delete",
                  "Recover",
                  "Backup",
                  "Restore",
                  "Decrypt",
                  "Encrypt",
                  "UnwrapKey",
                  "WrapKey",
                  "Verify",
                  "Sign",
                  "Purge",
                  "Release",
                  "Rotate",
                  "GetRotationPolicy",
                  "SetRotationPolicy"
                ],
                "object_id": "d79697f6-3cf3-4241-aa30-365556e5d881",
                "secret_permissions": [
                  "Get",
                  "List",
                  "Set",
                  "Delete",
                  "Recover",
                  "Backup",
                  "Restore",
                  "Purge"
                ],
                "storage_permissions": [
                  "Get"
                ],
                "tenant_id": "1d97f3d7-8c73-4dac-92de-52afae52edbb"
              }
            ],
            "enable_rbac_authorization": true,
            "enabled_for_deployment": false,
            "enabled_for_disk_encryption": true,
            "enabled_for_template_deployment": false,
            "id": "/subscriptions/22135bdc-d3fd-4095-9a18-2094dab79b13/resourceGroups/deep-rg-1/providers/Microsoft.KeyVault/vaults/myappazurekv",
            "location": "westus",
            "name": "myappazurekv",
            "network_acls": [],
            "public_network_access_enabled": true,
            "purge_protection_enabled": false,
            "rbac_authorization_enabled": true,
            "resource_group_name": "deep-rg-1",
            "sku_name": "standard",
            "tags": {},
            "tenant_id": "1d97f3d7-8c73-4dac-92de-52afae52edbb",
            "timeouts": null,
            "vault_uri": "https://myappazurekv.vault.azure.net/"
          },
          "sensitive_attributes": []
        }
      ]
    },
    {
      "module": "module.azurerm_compute",
      "mode": "data",
      "type": "azurerm_key_vault_secret",
      "name": "admin-password",
      "provider": "provider[\"registry.terraform.io/hashicorp/azurerm\"]",
      "instances": [
        {
          "index_key": "compute1",
          "schema_version": 0,
          "attributes": {
            "content_type": "",
            "expiration_date": null,
            "id": "https://myappazurekv.vault.azure.net/secrets/frontend-vm-admin-password/d9c25f71b9234f11a7afc51c2fed25ea",
            "key_vault_id": "/subscriptions/22135bdc-d3fd-4095-9a18-2094dab79b13/resourceGroups/deep-rg-1/providers/Microsoft.KeyVault/vaults/myappazurekv",
            "name": "frontend-vm-admin-password",
            "not_before_date": null,
            "resource_id": "/subscriptions/22135bdc-d3fd-4095-9a18-2094dab79b13/resourceGroups/deep-rg-1/providers/Microsoft.KeyVault/vaults/myappazurekv/secrets/frontend-vm-admin-password/versions/d9c25f71b9234f11a7afc51c2fed25ea",
            "resource_versionless_id": "/subscriptions/22135bdc-d3fd-4095-9a18-2094dab79b13/resourceGroups/deep-rg-1/providers/Microsoft.KeyVault/vaults/myappazurekv/secrets/frontend-vm-admin-password",
            "tags": {},
            "timeouts": null,
            "value": "Qwerty@123",
            "version": "d9c25f71b9234f11a7afc51c2fed25ea",
            "versionless_id": "https://myappazurekv.vault.azure.net/secrets/frontend-vm-admin-password"
          },
          "sensitive_attributes": [
            [
              {
                "type": "get_attr",
                "value": "value"
              }
            ]
          ]
        },
        {
          "index_key": "compute2",
          "schema_version": 0,
          "attributes": {
            "content_type": "",
            "expiration_date": null,
            "id": "https://myappazurekv.vault.azure.net/secrets/backend-vm-admin-password/4f906da0e433427d99d5a1cb6c0bbef3",
            "key_vault_id": "/subscriptions/22135bdc-d3fd-4095-9a18-2094dab79b13/resourceGroups/deep-rg-1/providers/Microsoft.KeyVault/vaults/myappazurekv",
            "name": "backend-vm-admin-password",
            "not_before_date": null,
            "resource_id": "/subscriptions/22135bdc-d3fd-4095-9a18-2094dab79b13/resourceGroups/deep-rg-1/providers/Microsoft.KeyVault/vaults/myappazurekv/secrets/backend-vm-admin-password/versions/4f906da0e433427d99d5a1cb6c0bbef3",
            "resource_versionless_id": "/subscriptions/22135bdc-d3fd-4095-9a18-2094dab79b13/resourceGroups/deep-rg-1/providers/Microsoft.KeyVault/vaults/myappazurekv/secrets/backend-vm-admin-password",
            "tags": {},
            "timeouts": null,
            "value": "Qwerty@123",
            "version": "4f906da0e433427d99d5a1cb6c0bbef3",
            "versionless_id": "https://myappazurekv.vault.azure.net/secrets/backend-vm-admin-password"
          },
          "sensitive_attributes": [
            [
              {
                "type": "get_attr",
                "value": "value"
              }
            ]
          ]
        }
      ]
    },
    {
      "module": "module.azurerm_compute",
      "mode": "data",
      "type": "azurerm_key_vault_secret",
      "name": "admin-username",
      "provider": "provider[\"registry.terraform.io/hashicorp/azurerm\"]",
      "instances": [
        {
          "index_key": "compute1",
          "schema_version": 0,
          "attributes": {
            "content_type": "",
            "expiration_date": null,
            "id": "https://myappazurekv.vault.azure.net/secrets/frontend-vm-admin-username/485926e0a3bc41bba5da102667f8f97a",
            "key_vault_id": "/subscriptions/22135bdc-d3fd-4095-9a18-2094dab79b13/resourceGroups/deep-rg-1/providers/Microsoft.KeyVault/vaults/myappazurekv",
            "name": "frontend-vm-admin-username",
            "not_before_date": null,
            "resource_id": "/subscriptions/22135bdc-d3fd-4095-9a18-2094dab79b13/resourceGroups/deep-rg-1/providers/Microsoft.KeyVault/vaults/myappazurekv/secrets/frontend-vm-admin-username/versions/485926e0a3bc41bba5da102667f8f97a",
            "resource_versionless_id": "/subscriptions/22135bdc-d3fd-4095-9a18-2094dab79b13/resourceGroups/deep-rg-1/providers/Microsoft.KeyVault/vaults/myappazurekv/secrets/frontend-vm-admin-username",
            "tags": {},
            "timeouts": null,
            "value": "myfrontendvm@admin",
            "version": "485926e0a3bc41bba5da102667f8f97a",
            "versionless_id": "https://myappazurekv.vault.azure.net/secrets/frontend-vm-admin-username"
          },
          "sensitive_attributes": [
            [
              {
                "type": "get_attr",
                "value": "value"
              }
            ]
          ]
        },
        {
          "index_key": "compute2",
          "schema_version": 0,
          "attributes": {
            "content_type": "",
            "expiration_date": null,
            "id": "https://myappazurekv.vault.azure.net/secrets/backend-vm-admin-username/ba4aeeeb62f8423599323f6eb70d67dc",
            "key_vault_id": "/subscriptions/22135bdc-d3fd-4095-9a18-2094dab79b13/resourceGroups/deep-rg-1/providers/Microsoft.KeyVault/vaults/myappazurekv",
            "name": "backend-vm-admin-username",
            "not_before_date": null,
            "resource_id": "/subscriptions/22135bdc-d3fd-4095-9a18-2094dab79b13/resourceGroups/deep-rg-1/providers/Microsoft.KeyVault/vaults/myappazurekv/secrets/backend-vm-admin-username/versions/ba4aeeeb62f8423599323f6eb70d67dc",
            "resource_versionless_id": "/subscriptions/22135bdc-d3fd-4095-9a18-2094dab79b13/resourceGroups/deep-rg-1/providers/Microsoft.KeyVault/vaults/myappazurekv/secrets/backend-vm-admin-username",
            "tags": {},
            "timeouts": null,
            "value": "mybackendvm@admin",
            "version": "ba4aeeeb62f8423599323f6eb70d67dc",
            "versionless_id": "https://myappazurekv.vault.azure.net/secrets/backend-vm-admin-username"
          },
          "sensitive_attributes": [
            [
              {
                "type": "get_attr",
                "value": "value"
              }
            ]
          ]
        }
      ]
    },
    {
      "module": "module.azurerm_compute",
      "mode": "data",
      "type": "azurerm_public_ip",
      "name": "pip",
      "provider": "provider[\"registry.terraform.io/hashicorp/azurerm\"]",
      "instances": [
        {
          "index_key": "compute1",
          "schema_version": 0,
          "attributes": {
            "allocation_method": "Static",
            "ddos_protection_mode": "VirtualNetworkInherited",
            "ddos_protection_plan_id": null,
            "domain_name_label": "",
            "fqdn": "",
            "id": "/subscriptions/22135bdc-d3fd-4095-9a18-2094dab79b13/resourceGroups/deep-rg-1/providers/Microsoft.Network/publicIPAddresses/frontend-pip",
            "idle_timeout_in_minutes": 4,
            "ip_address": "40.125.46.74",
            "ip_tags": {},
            "ip_version": "IPv4",
            "location": "westus",
            "name": "frontend-pip",
            "resource_group_name": "deep-rg-1",
            "reverse_fqdn": "",
            "sku": "Standard",
            "tags": {
              "environment": "dev",
              "project": "todo-app"
            },
            "timeouts": null,
            "zones": []
          },
          "sensitive_attributes": []
        },
        {
          "index_key": "compute2",
          "schema_version": 0,
          "attributes": {
            "allocation_method": "Static",
            "ddos_protection_mode": "VirtualNetworkInherited",
            "ddos_protection_plan_id": null,
            "domain_name_label": "",
            "fqdn": "",
            "id": "/subscriptions/22135bdc-d3fd-4095-9a18-2094dab79b13/resourceGroups/deep-rg-1/providers/Microsoft.Network/publicIPAddresses/backend-pip",
            "idle_timeout_in_minutes": 4,
            "ip_address": "20.59.127.193",
            "ip_tags": {},
            "ip_version": "IPv4",
            "location": "westus",
            "name": "backend-pip",
            "resource_group_name": "deep-rg-1",
            "reverse_fqdn": "",
            "sku": "Standard",
            "tags": {
              "environment": "dev",
              "project": "todo-app"
            },
            "timeouts": null,
            "zones": []
          },
          "sensitive_attributes": []
        }
      ]
    },
    {
      "module": "module.azurerm_compute",
      "mode": "data",
      "type": "azurerm_subnet",
      "name": "subnets",
      "provider": "provider[\"registry.terraform.io/hashicorp/azurerm\"]",
      "instances": [
        {
          "index_key": "compute1",
          "schema_version": 0,
          "attributes": {
            "address_prefix": "10.0.1.0/24",
            "address_prefixes": [
              "10.0.1.0/24"
            ],
            "default_outbound_access_enabled": true,
            "id": "/subscriptions/22135bdc-d3fd-4095-9a18-2094dab79b13/resourceGroups/deep-rg-1/providers/Microsoft.Network/virtualNetworks/vnet-1/subnets/frontend-subnet",
            "name": "frontend-subnet",
            "network_security_group_id": "",
            "private_endpoint_network_policies": "Disabled",
            "private_link_service_network_policies_enabled": true,
            "resource_group_name": "deep-rg-1",
            "route_table_id": "",
            "service_endpoints": [],
            "timeouts": null,
            "virtual_network_name": "vnet-1"
          },
          "sensitive_attributes": []
        },
        {
          "index_key": "compute2",
          "schema_version": 0,
          "attributes": {
            "address_prefix": "10.0.2.0/24",
            "address_prefixes": [
              "10.0.2.0/24"
            ],
            "default_outbound_access_enabled": true,
            "id": "/subscriptions/22135bdc-d3fd-4095-9a18-2094dab79b13/resourceGroups/deep-rg-1/providers/Microsoft.Network/virtualNetworks/vnet-1/subnets/backend-subnet",
            "name": "backend-subnet",
            "network_security_group_id": "",
            "private_endpoint_network_policies": "Disabled",
            "private_link_service_network_policies_enabled": true,
            "resource_group_name": "deep-rg-1",
            "route_table_id": "",
            "service_endpoints": [],
            "timeouts": null,
            "virtual_network_name": "vnet-1"
          },
          "sensitive_attributes": []
        }
      ]
    },
    {
      "module": "module.azurerm_compute",
      "mode": "managed",
      "type": "azurerm_linux_virtual_machine",
      "name": "vm",
      "provider": "provider[\"registry.terraform.io/hashicorp/azurerm\"]",
      "instances": [
        {
          "index_key": "compute1",
          "schema_version": 0,
          "attributes": {
            "additional_capabilities": [],
            "admin_password": "Qwerty@123",
            "admin_ssh_key": [],
            "admin_username": "myfrontendvm@admin",
            "allow_extension_operations": true,
            "availability_set_id": "",
            "boot_diagnostics": [],
            "bypass_platform_safety_checks_on_user_schedule_enabled": false,
            "capacity_reservation_group_id": "",
            "computer_name": "frontend-vm",
            "custom_data": null,
            "dedicated_host_group_id": "",
            "dedicated_host_id": "",
            "disable_password_authentication": false,
            "disk_controller_type": "",
            "edge_zone": "",
            "encryption_at_host_enabled": false,
            "eviction_policy": "",
            "extensions_time_budget": "PT1H30M",
            "gallery_application": [],
            "id": "/subscriptions/22135bdc-d3fd-4095-9a18-2094dab79b13/resourceGroups/deep-rg-1/providers/Microsoft.Compute/virtualMachines/frontend-vm",
            "identity": [],
            "license_type": "",
            "location": "westus",
            "max_bid_price": -1,
            "name": "frontend-vm",
            "network_interface_ids": [
              "/subscriptions/22135bdc-d3fd-4095-9a18-2094dab79b13/resourceGroups/deep-rg-1/providers/Microsoft.Network/networkInterfaces/frontend-nic"
            ],
            "os_disk": [
              {
                "caching": "ReadWrite",
                "diff_disk_settings": [],
                "disk_encryption_set_id": "",
                "disk_size_gb": 30,
                "id": "/subscriptions/22135bdc-d3fd-4095-9a18-2094dab79b13/resourceGroups/deep-rg-1/providers/Microsoft.Compute/disks/frontend-vm_OsDisk_1_34c9349914454927b2654958dcb5568c",
                "name": "frontend-vm_OsDisk_1_34c9349914454927b2654958dcb5568c",
                "secure_vm_disk_encryption_set_id": "",
                "security_encryption_type": "",
                "storage_account_type": "Standard_LRS",
                "write_accelerator_enabled": false
              }
            ],
            "os_image_notification": [],
            "os_managed_disk_id": "/subscriptions/22135bdc-d3fd-4095-9a18-2094dab79b13/resourceGroups/deep-rg-1/providers/Microsoft.Compute/disks/frontend-vm_OsDisk_1_34c9349914454927b2654958dcb5568c",
            "patch_assessment_mode": "ImageDefault",
            "patch_mode": "ImageDefault",
            "plan": [],
            "platform_fault_domain": -1,
            "priority": "Regular",
            "private_ip_address": "10.0.1.4",
            "private_ip_addresses": [
              "10.0.1.4"
            ],
            "provision_vm_agent": true,
            "proximity_placement_group_id": "",
            "public_ip_address": "40.125.46.74",
            "public_ip_addresses": [
              "40.125.46.74"
            ],
            "reboot_setting": "",
            "resource_group_name": "deep-rg-1",
            "secret": [],
            "secure_boot_enabled": false,
            "size": "Standard_D2s_v3",
            "source_image_id": "",
            "source_image_reference": [
              {
                "offer": "0001-com-ubuntu-server-jammy",
                "publisher": "Canonical",
                "sku": "22_04-lts",
                "version": "latest"
              }
            ],
            "tags": null,
            "termination_notification": null,
            "timeouts": null,
            "user_data": "",
            "virtual_machine_id": "0186efd3-68ba-433c-b6a9-e14aacb751d9",
            "virtual_machine_scale_set_id": "",
            "vm_agent_platform_updates_enabled": false,
            "vtpm_enabled": false,
            "zone": ""
          },
          "sensitive_attributes": [
            [
              {
                "type": "get_attr",
                "value": "custom_data"
              }
            ],
            [
              {
                "type": "get_attr",
                "value": "admin_password"
              }
            ],
            [
              {
                "type": "get_attr",
                "value": "admin_username"
              }
            ]
          ],
          "private": "eyJlMmJmYjczMC1lY2FhLTExZTYtOGY4OC0zNDM2M2JjN2M0YzAiOnsiY3JlYXRlIjoyNzAwMDAwMDAwMDAwLCJkZWxldGUiOjI3MDAwMDAwMDAwMDAsInJlYWQiOjMwMDAwMDAwMDAwMCwidXBkYXRlIjoyNzAwMDAwMDAwMDAwfX0=",
          "dependencies": [
            "module.azurerm_compute.azurerm_network_interface.todo-nic",
            "module.azurerm_compute.data.azurerm_key_vault.kv",
            "module.azurerm_compute.data.azurerm_key_vault_secret.admin-password",
            "module.azurerm_compute.data.azurerm_key_vault_secret.admin-username",
            "module.azurerm_compute.data.azurerm_public_ip.pip",
            "module.azurerm_compute.data.azurerm_subnet.subnets",
            "module.azurerm_key-vault.azurerm_key_vault.kv",
            "module.azurerm_key-vault.azurerm_role_assignment.kv_admin",
            "module.azurerm_key-vault.data.azurerm_client_config.current",
            "module.azurerm_key-vault.data.azurerm_subscription.primary",
            "module.azurerm_key-vault_secret.azurerm_key_vault_secret.kv-secret",
            "module.azurerm_key-vault_secret.data.azurerm_key_vault.kv",
            "module.azurerm_pip.azurerm_public_ip.todo-pip",
            "module.azurerm_resource_group.azurerm_resource_group.rg"
          ]
        },
        {
          "index_key": "compute2",
          "schema_version": 0,
          "attributes": {
            "additional_capabilities": [],
            "admin_password": "Qwerty@123",
            "admin_ssh_key": [],
            "admin_username": "mybackendvm@admin",
            "allow_extension_operations": true,
            "availability_set_id": "",
            "boot_diagnostics": [],
            "bypass_platform_safety_checks_on_user_schedule_enabled": false,
            "capacity_reservation_group_id": "",
            "computer_name": "backend-vm",
            "custom_data": null,
            "dedicated_host_group_id": "",
            "dedicated_host_id": "",
            "disable_password_authentication": false,
            "disk_controller_type": "",
            "edge_zone": "",
            "encryption_at_host_enabled": false,
            "eviction_policy": "",
            "extensions_time_budget": "PT1H30M",
            "gallery_application": [],
            "id": "/subscriptions/22135bdc-d3fd-4095-9a18-2094dab79b13/resourceGroups/deep-rg-1/providers/Microsoft.Compute/virtualMachines/backend-vm",
            "identity": [],
            "license_type": "",
            "location": "westus",
            "max_bid_price": -1,
            "name": "backend-vm",
            "network_interface_ids": [
              "/subscriptions/22135bdc-d3fd-4095-9a18-2094dab79b13/resourceGroups/deep-rg-1/providers/Microsoft.Network/networkInterfaces/backend-nic"
            ],
            "os_disk": [
              {
                "caching": "ReadWrite",
                "diff_disk_settings": [],
                "disk_encryption_set_id": "",
                "disk_size_gb": 30,
                "id": "/subscriptions/22135bdc-d3fd-4095-9a18-2094dab79b13/resourceGroups/deep-rg-1/providers/Microsoft.Compute/disks/backend-vm_OsDisk_1_f076a4761a0f425ba97c8bb6566a6896",
                "name": "backend-vm_OsDisk_1_f076a4761a0f425ba97c8bb6566a6896",
                "secure_vm_disk_encryption_set_id": "",
                "security_encryption_type": "",
                "storage_account_type": "Standard_LRS",
                "write_accelerator_enabled": false
              }
            ],
            "os_image_notification": [],
            "os_managed_disk_id": "/subscriptions/22135bdc-d3fd-4095-9a18-2094dab79b13/resourceGroups/deep-rg-1/providers/Microsoft.Compute/disks/backend-vm_OsDisk_1_f076a4761a0f425ba97c8bb6566a6896",
            "patch_assessment_mode": "ImageDefault",
            "patch_mode": "ImageDefault",
            "plan": [],
            "platform_fault_domain": -1,
            "priority": "Regular",
            "private_ip_address": "10.0.2.4",
            "private_ip_addresses": [
              "10.0.2.4"
            ],
            "provision_vm_agent": true,
            "proximity_placement_group_id": "",
            "public_ip_address": "20.59.127.193",
            "public_ip_addresses": [
              "20.59.127.193"
            ],
            "reboot_setting": "",
            "resource_group_name": "deep-rg-1",
            "secret": [],
            "secure_boot_enabled": false,
            "size": "Standard_D2s_v3",
            "source_image_id": "",
            "source_image_reference": [
              {
                "offer": "0001-com-ubuntu-server-jammy",
                "publisher": "Canonical",
                "sku": "22_04-lts",
                "version": "latest"
              }
            ],
            "tags": null,
            "termination_notification": null,
            "timeouts": null,
            "user_data": "",
            "virtual_machine_id": "7dc49d05-8f47-432b-abc5-0880a9286e23",
            "virtual_machine_scale_set_id": "",
            "vm_agent_platform_updates_enabled": false,
            "vtpm_enabled": false,
            "zone": ""
          },
          "sensitive_attributes": [
            [
              {
                "type": "get_attr",
                "value": "admin_username"
              }
            ],
            [
              {
                "type": "get_attr",
                "value": "custom_data"
              }
            ],
            [
              {
                "type": "get_attr",
                "value": "admin_password"
              }
            ]
          ],
          "private": "eyJlMmJmYjczMC1lY2FhLTExZTYtOGY4OC0zNDM2M2JjN2M0YzAiOnsiY3JlYXRlIjoyNzAwMDAwMDAwMDAwLCJkZWxldGUiOjI3MDAwMDAwMDAwMDAsInJlYWQiOjMwMDAwMDAwMDAwMCwidXBkYXRlIjoyNzAwMDAwMDAwMDAwfX0=",
          "dependencies": [
            "module.azurerm_compute.azurerm_network_interface.todo-nic",
            "module.azurerm_compute.data.azurerm_key_vault.kv",
            "module.azurerm_compute.data.azurerm_key_vault_secret.admin-password",
            "module.azurerm_compute.data.azurerm_key_vault_secret.admin-username",
            "module.azurerm_compute.data.azurerm_public_ip.pip",
            "module.azurerm_compute.data.azurerm_subnet.subnets",
            "module.azurerm_key-vault.azurerm_key_vault.kv",
            "module.azurerm_key-vault.azurerm_role_assignment.kv_admin",
            "module.azurerm_key-vault.data.azurerm_client_config.current",
            "module.azurerm_key-vault.data.azurerm_subscription.primary",
            "module.azurerm_key-vault_secret.azurerm_key_vault_secret.kv-secret",
            "module.azurerm_key-vault_secret.data.azurerm_key_vault.kv",
            "module.azurerm_pip.azurerm_public_ip.todo-pip",
            "module.azurerm_resource_group.azurerm_resource_group.rg"
          ]
        }
      ]
    },
    {
      "module": "module.azurerm_compute",
      "mode": "managed",
      "type": "azurerm_network_interface",
      "name": "todo-nic",
      "provider": "provider[\"registry.terraform.io/hashicorp/azurerm\"]",
      "instances": [
        {
          "index_key": "compute1",
          "schema_version": 0,
          "attributes": {
            "accelerated_networking_enabled": false,
            "applied_dns_servers": [],
            "auxiliary_mode": "",
            "auxiliary_sku": "",
            "dns_servers": null,
            "edge_zone": "",
            "id": "/subscriptions/22135bdc-d3fd-4095-9a18-2094dab79b13/resourceGroups/deep-rg-1/providers/Microsoft.Network/networkInterfaces/frontend-nic",
            "internal_dns_name_label": "",
            "internal_domain_name_suffix": "xf0oru32uqtelel2r1vkdeo4ga.dx.internal.cloudapp.net",
            "ip_configuration": [
              {
                "gateway_load_balancer_frontend_ip_configuration_id": "",
                "name": "frontend-ip_config",
                "primary": true,
                "private_ip_address": "10.0.1.4",
                "private_ip_address_allocation": "Dynamic",
                "private_ip_address_version": "IPv4",
                "public_ip_address_id": "/subscriptions/22135bdc-d3fd-4095-9a18-2094dab79b13/resourceGroups/deep-rg-1/providers/Microsoft.Network/publicIPAddresses/frontend-pip",
                "subnet_id": "/subscriptions/22135bdc-d3fd-4095-9a18-2094dab79b13/resourceGroups/deep-rg-1/providers/Microsoft.Network/virtualNetworks/vnet-1/subnets/frontend-subnet"
              }
            ],
            "ip_forwarding_enabled": false,
            "location": "westus",
            "mac_address": "",
            "name": "frontend-nic",
            "private_ip_address": "10.0.1.4",
            "private_ip_addresses": [
              "10.0.1.4"
            ],
            "resource_group_name": "deep-rg-1",
            "tags": null,
            "timeouts": null,
            "virtual_machine_id": ""
          },
          "sensitive_attributes": [],
          "private": "eyJlMmJmYjczMC1lY2FhLTExZTYtOGY4OC0zNDM2M2JjN2M0YzAiOnsiY3JlYXRlIjoxODAwMDAwMDAwMDAwLCJkZWxldGUiOjE4MDAwMDAwMDAwMDAsInJlYWQiOjMwMDAwMDAwMDAwMCwidXBkYXRlIjoxODAwMDAwMDAwMDAwfX0=",
          "dependencies": [
            "module.azurerm_compute.data.azurerm_public_ip.pip",
            "module.azurerm_compute.data.azurerm_subnet.subnets",
            "module.azurerm_key-vault.azurerm_key_vault.kv",
            "module.azurerm_key-vault.azurerm_role_assignment.kv_admin",
            "module.azurerm_key-vault.data.azurerm_client_config.current",
            "module.azurerm_key-vault.data.azurerm_subscription.primary",
            "module.azurerm_key-vault_secret.azurerm_key_vault_secret.kv-secret",
            "module.azurerm_key-vault_secret.data.azurerm_key_vault.kv",
            "module.azurerm_pip.azurerm_public_ip.todo-pip",
            "module.azurerm_resource_group.azurerm_resource_group.rg"
          ]
        },
        {
          "index_key": "compute2",
          "schema_version": 0,
          "attributes": {
            "accelerated_networking_enabled": false,
            "applied_dns_servers": [],
            "auxiliary_mode": "",
            "auxiliary_sku": "",
            "dns_servers": null,
            "edge_zone": "",
            "id": "/subscriptions/22135bdc-d3fd-4095-9a18-2094dab79b13/resourceGroups/deep-rg-1/providers/Microsoft.Network/networkInterfaces/backend-nic",
            "internal_dns_name_label": "",
            "internal_domain_name_suffix": "xf0oru32uqtelel2r1vkdeo4ga.dx.internal.cloudapp.net",
            "ip_configuration": [
              {
                "gateway_load_balancer_frontend_ip_configuration_id": "",
                "name": "backend-ip_config",
                "primary": true,
                "private_ip_address": "10.0.2.4",
                "private_ip_address_allocation": "Dynamic",
                "private_ip_address_version": "IPv4",
                "public_ip_address_id": "/subscriptions/22135bdc-d3fd-4095-9a18-2094dab79b13/resourceGroups/deep-rg-1/providers/Microsoft.Network/publicIPAddresses/backend-pip",
                "subnet_id": "/subscriptions/22135bdc-d3fd-4095-9a18-2094dab79b13/resourceGroups/deep-rg-1/providers/Microsoft.Network/virtualNetworks/vnet-1/subnets/backend-subnet"
              }
            ],
            "ip_forwarding_enabled": false,
            "location": "westus",
            "mac_address": "",
            "name": "backend-nic",
            "private_ip_address": "10.0.2.4",
            "private_ip_addresses": [
              "10.0.2.4"
            ],
            "resource_group_name": "deep-rg-1",
            "tags": null,
            "timeouts": null,
            "virtual_machine_id": ""
          },
          "sensitive_attributes": [],
          "private": "eyJlMmJmYjczMC1lY2FhLTExZTYtOGY4OC0zNDM2M2JjN2M0YzAiOnsiY3JlYXRlIjoxODAwMDAwMDAwMDAwLCJkZWxldGUiOjE4MDAwMDAwMDAwMDAsInJlYWQiOjMwMDAwMDAwMDAwMCwidXBkYXRlIjoxODAwMDAwMDAwMDAwfX0=",
          "dependencies": [
            "module.azurerm_compute.data.azurerm_public_ip.pip",
            "module.azurerm_compute.data.azurerm_subnet.subnets",
            "module.azurerm_key-vault.azurerm_key_vault.kv",
            "module.azurerm_key-vault.azurerm_role_assignment.kv_admin",
            "module.azurerm_key-vault.data.azurerm_client_config.current",
            "module.azurerm_key-vault.data.azurerm_subscription.primary",
            "module.azurerm_key-vault_secret.azurerm_key_vault_secret.kv-secret",
            "module.azurerm_key-vault_secret.data.azurerm_key_vault.kv",
            "module.azurerm_pip.azurerm_public_ip.todo-pip",
            "module.azurerm_resource_group.azurerm_resource_group.rg"
          ]
        }
      ]
    },
    {
      "module": "module.azurerm_key-vault",
      "mode": "data",
      "type": "azurerm_client_config",
      "name": "current",
      "provider": "provider[\"registry.terraform.io/hashicorp/azurerm\"]",
      "instances": [
        {
          "schema_version": 0,
          "attributes": {
            "client_id": "04b07795-8ddb-461a-bbee-02f9e1bf7b46",
            "id": "Y2xpZW50Q29uZmlncy9jbGllbnRJZD0wNGIwNzc5NS04ZGRiLTQ2MWEtYmJlZS0wMmY5ZTFiZjdiNDY7b2JqZWN0SWQ9MjM0ZTM3N2QtZTk1NS00NWIyLTliNWYtNmFiN2ZjY2Q5NjU5O3N1YnNjcmlwdGlvbklkPTIyMTM1YmRjLWQzZmQtNDA5NS05YTE4LTIwOTRkYWI3OWIxMzt0ZW5hbnRJZD0xZDk3ZjNkNy04YzczLTRkYWMtOTJkZS01MmFmYWU1MmVkYmI=",
            "object_id": "234e377d-e955-45b2-9b5f-6ab7fccd9659",
            "subscription_id": "22135bdc-d3fd-4095-9a18-2094dab79b13",
            "tenant_id": "1d97f3d7-8c73-4dac-92de-52afae52edbb",
            "timeouts": null
          },
          "sensitive_attributes": []
        }
      ]
    },
    {
      "module": "module.azurerm_key-vault",
      "mode": "data",
      "type": "azurerm_subscription",
      "name": "primary",
      "provider": "provider[\"registry.terraform.io/hashicorp/azurerm\"]",
      "instances": [
        {
          "schema_version": 0,
          "attributes": {
            "display_name": "Azure subscription 1",
            "id": "/subscriptions/22135bdc-d3fd-4095-9a18-2094dab79b13",
            "location_placement_id": "Public_2014-09-01",
            "quota_id": "FreeTrial_2014-09-01",
            "spending_limit": "On",
            "state": "Enabled",
            "subscription_id": "22135bdc-d3fd-4095-9a18-2094dab79b13",
            "tags": {},
            "tenant_id": "1d97f3d7-8c73-4dac-92de-52afae52edbb",
            "timeouts": null
          },
          "sensitive_attributes": []
        }
      ]
    },
    {
      "module": "module.azurerm_key-vault",
      "mode": "managed",
      "type": "azurerm_key_vault",
      "name": "kv",
      "provider": "provider[\"registry.terraform.io/hashicorp/azurerm\"]",
      "instances": [
        {
          "index_key": "kv1",
          "schema_version": 2,
          "attributes": {
            "access_policy": [
              {
                "application_id": "",
                "certificate_permissions": [],
                "key_permissions": [
                  "Get",
                  "List",
                  "Update",
                  "Create",
                  "Import",
                  "Delete",
                  "Recover",
                  "Backup",
                  "Restore",
                  "Decrypt",
                  "Encrypt",
                  "UnwrapKey",
                  "WrapKey",
                  "Verify",
                  "Sign",
                  "Purge",
                  "Release",
                  "Rotate",
                  "GetRotationPolicy",
                  "SetRotationPolicy"
                ],
                "object_id": "d79697f6-3cf3-4241-aa30-365556e5d881",
                "secret_permissions": [
                  "Get",
                  "List",
                  "Set",
                  "Delete",
                  "Recover",
                  "Backup",
                  "Restore",
                  "Purge"
                ],
                "storage_permissions": [
                  "Get"
                ],
                "tenant_id": "1d97f3d7-8c73-4dac-92de-52afae52edbb"
              }
            ],
            "contact": [],
            "enable_rbac_authorization": true,
            "enabled_for_deployment": false,
            "enabled_for_disk_encryption": true,
            "enabled_for_template_deployment": false,
            "id": "/subscriptions/22135bdc-d3fd-4095-9a18-2094dab79b13/resourceGroups/deep-rg-1/providers/Microsoft.KeyVault/vaults/myappazurekv",
            "location": "westus",
            "name": "myappazurekv",
            "network_acls": [
              {
                "bypass": "AzureServices",
                "default_action": "Allow",
                "ip_rules": [],
                "virtual_network_subnet_ids": []
              }
            ],
            "public_network_access_enabled": true,
            "purge_protection_enabled": false,
            "rbac_authorization_enabled": true,
            "resource_group_name": "deep-rg-1",
            "sku_name": "standard",
            "soft_delete_retention_days": 7,
            "tags": null,
            "tenant_id": "1d97f3d7-8c73-4dac-92de-52afae52edbb",
            "timeouts": null,
            "vault_uri": "https://myappazurekv.vault.azure.net/"
          },
          "sensitive_attributes": [],
          "private": "eyJlMmJmYjczMC1lY2FhLTExZTYtOGY4OC0zNDM2M2JjN2M0YzAiOnsiY3JlYXRlIjoxODAwMDAwMDAwMDAwLCJkZWxldGUiOjE4MDAwMDAwMDAwMDAsInJlYWQiOjMwMDAwMDAwMDAwMCwidXBkYXRlIjoxODAwMDAwMDAwMDAwfSwic2NoZW1hX3ZlcnNpb24iOiIyIn0=",
          "dependencies": [
            "module.azurerm_key-vault.data.azurerm_client_config.current",
            "module.azurerm_resource_group.azurerm_resource_group.rg"
          ]
        }
      ]
    },
    {
      "module": "module.azurerm_key-vault",
      "mode": "managed",
      "type": "azurerm_role_assignment",
      "name": "kv_admin",
      "provider": "provider[\"registry.terraform.io/hashicorp/azurerm\"]",
      "instances": [
        {
          "schema_version": 0,
          "attributes": {
            "condition": "",
            "condition_version": "",
            "delegated_managed_identity_resource_id": "",
            "description": "",
            "id": "/subscriptions/22135bdc-d3fd-4095-9a18-2094dab79b13/providers/Microsoft.Authorization/roleAssignments/66acd54f-e66e-7f2c-5ac7-dde26d9e52db",
            "name": "66acd54f-e66e-7f2c-5ac7-dde26d9e52db",
            "principal_id": "234e377d-e955-45b2-9b5f-6ab7fccd9659",
            "principal_type": "User",
            "role_definition_id": "/subscriptions/22135bdc-d3fd-4095-9a18-2094dab79b13/providers/Microsoft.Authorization/roleDefinitions/00482a5a-887f-4fb3-b363-3b7fe8e74483",
            "role_definition_name": "Key Vault Administrator",
            "scope": "/subscriptions/22135bdc-d3fd-4095-9a18-2094dab79b13",
            "skip_service_principal_aad_check": null,
            "timeouts": null
          },
          "sensitive_attributes": [],
          "private": "eyJlMmJmYjczMC1lY2FhLTExZTYtOGY4OC0zNDM2M2JjN2M0YzAiOnsiY3JlYXRlIjoxODAwMDAwMDAwMDAwLCJkZWxldGUiOjE4MDAwMDAwMDAwMDAsInJlYWQiOjMwMDAwMDAwMDAwMH19",
          "dependencies": [
            "module.azurerm_key-vault.data.azurerm_client_config.current",
            "module.azurerm_key-vault.data.azurerm_subscription.primary",
            "module.azurerm_resource_group.azurerm_resource_group.rg"
          ]
        }
      ]
    },
    {
      "module": "module.azurerm_key-vault_secret",
      "mode": "data",
      "type": "azurerm_key_vault",
      "name": "kv",
      "provider": "provider[\"registry.terraform.io/hashicorp/azurerm\"]",
      "instances": [
        {
          "index_key": "kv-secret1",
          "schema_version": 0,
          "attributes": {
            "access_policy": [
              {
                "application_id": "",
                "certificate_permissions": [],
                "key_permissions": [
                  "Get",
                  "List",
                  "Update",
                  "Create",
                  "Import",
                  "Delete",
                  "Recover",
                  "Backup",
                  "Restore",
                  "Decrypt",
                  "Encrypt",
                  "UnwrapKey",
                  "WrapKey",
                  "Verify",
                  "Sign",
                  "Purge",
                  "Release",
                  "Rotate",
                  "GetRotationPolicy",
                  "SetRotationPolicy"
                ],
                "object_id": "d79697f6-3cf3-4241-aa30-365556e5d881",
                "secret_permissions": [
                  "Get",
                  "List",
                  "Set",
                  "Delete",
                  "Recover",
                  "Backup",
                  "Restore",
                  "Purge"
                ],
                "storage_permissions": [
                  "Get"
                ],
                "tenant_id": "1d97f3d7-8c73-4dac-92de-52afae52edbb"
              }
            ],
            "enable_rbac_authorization": true,
            "enabled_for_deployment": false,
            "enabled_for_disk_encryption": true,
            "enabled_for_template_deployment": false,
            "id": "/subscriptions/22135bdc-d3fd-4095-9a18-2094dab79b13/resourceGroups/deep-rg-1/providers/Microsoft.KeyVault/vaults/myappazurekv",
            "location": "westus",
            "name": "myappazurekv",
            "network_acls": [],
            "public_network_access_enabled": true,
            "purge_protection_enabled": false,
            "rbac_authorization_enabled": true,
            "resource_group_name": "deep-rg-1",
            "sku_name": "standard",
            "tags": {},
            "tenant_id": "1d97f3d7-8c73-4dac-92de-52afae52edbb",
            "timeouts": null,
            "vault_uri": "https://myappazurekv.vault.azure.net/"
          },
          "sensitive_attributes": []
        },
        {
          "index_key": "kv-secret2",
          "schema_version": 0,
          "attributes": {
            "access_policy": [
              {
                "application_id": "",
                "certificate_permissions": [],
                "key_permissions": [
                  "Get",
                  "List",
                  "Update",
                  "Create",
                  "Import",
                  "Delete",
                  "Recover",
                  "Backup",
                  "Restore",
                  "Decrypt",
                  "Encrypt",
                  "UnwrapKey",
                  "WrapKey",
                  "Verify",
                  "Sign",
                  "Purge",
                  "Release",
                  "Rotate",
                  "GetRotationPolicy",
                  "SetRotationPolicy"
                ],
                "object_id": "d79697f6-3cf3-4241-aa30-365556e5d881",
                "secret_permissions": [
                  "Get",
                  "List",
                  "Set",
                  "Delete",
                  "Recover",
                  "Backup",
                  "Restore",
                  "Purge"
                ],
                "storage_permissions": [
                  "Get"
                ],
                "tenant_id": "1d97f3d7-8c73-4dac-92de-52afae52edbb"
              }
            ],
            "enable_rbac_authorization": true,
            "enabled_for_deployment": false,
            "enabled_for_disk_encryption": true,
            "enabled_for_template_deployment": false,
            "id": "/subscriptions/22135bdc-d3fd-4095-9a18-2094dab79b13/resourceGroups/deep-rg-1/providers/Microsoft.KeyVault/vaults/myappazurekv",
            "location": "westus",
            "name": "myappazurekv",
            "network_acls": [],
            "public_network_access_enabled": true,
            "purge_protection_enabled": false,
            "rbac_authorization_enabled": true,
            "resource_group_name": "deep-rg-1",
            "sku_name": "standard",
            "tags": {},
            "tenant_id": "1d97f3d7-8c73-4dac-92de-52afae52edbb",
            "timeouts": null,
            "vault_uri": "https://myappazurekv.vault.azure.net/"
          },
          "sensitive_attributes": []
        },
        {
          "index_key": "kv-secret3",
          "schema_version": 0,
          "attributes": {
            "access_policy": [
              {
                "application_id": "",
                "certificate_permissions": [],
                "key_permissions": [
                  "Get",
                  "List",
                  "Update",
                  "Create",
                  "Import",
                  "Delete",
                  "Recover",
                  "Backup",
                  "Restore",
                  "Decrypt",
                  "Encrypt",
                  "UnwrapKey",
                  "WrapKey",
                  "Verify",
                  "Sign",
                  "Purge",
                  "Release",
                  "Rotate",
                  "GetRotationPolicy",
                  "SetRotationPolicy"
                ],
                "object_id": "d79697f6-3cf3-4241-aa30-365556e5d881",
                "secret_permissions": [
                  "Get",
                  "List",
                  "Set",
                  "Delete",
                  "Recover",
                  "Backup",
                  "Restore",
                  "Purge"
                ],
                "storage_permissions": [
                  "Get"
                ],
                "tenant_id": "1d97f3d7-8c73-4dac-92de-52afae52edbb"
              }
            ],
            "enable_rbac_authorization": true,
            "enabled_for_deployment": false,
            "enabled_for_disk_encryption": true,
            "enabled_for_template_deployment": false,
            "id": "/subscriptions/22135bdc-d3fd-4095-9a18-2094dab79b13/resourceGroups/deep-rg-1/providers/Microsoft.KeyVault/vaults/myappazurekv",
            "location": "westus",
            "name": "myappazurekv",
            "network_acls": [],
            "public_network_access_enabled": true,
            "purge_protection_enabled": false,
            "rbac_authorization_enabled": true,
            "resource_group_name": "deep-rg-1",
            "sku_name": "standard",
            "tags": {},
            "tenant_id": "1d97f3d7-8c73-4dac-92de-52afae52edbb",
            "timeouts": null,
            "vault_uri": "https://myappazurekv.vault.azure.net/"
          },
          "sensitive_attributes": []
        },
        {
          "index_key": "kv-secret4",
          "schema_version": 0,
          "attributes": {
            "access_policy": [
              {
                "application_id": "",
                "certificate_permissions": [],
                "key_permissions": [
                  "Get",
                  "List",
                  "Update",
                  "Create",
                  "Import",
                  "Delete",
                  "Recover",
                  "Backup",
                  "Restore",
                  "Decrypt",
                  "Encrypt",
                  "UnwrapKey",
                  "WrapKey",
                  "Verify",
                  "Sign",
                  "Purge",
                  "Release",
                  "Rotate",
                  "GetRotationPolicy",
                  "SetRotationPolicy"
                ],
                "object_id": "d79697f6-3cf3-4241-aa30-365556e5d881",
                "secret_permissions": [
                  "Get",
                  "List",
                  "Set",
                  "Delete",
                  "Recover",
                  "Backup",
                  "Restore",
                  "Purge"
                ],
                "storage_permissions": [
                  "Get"
                ],
                "tenant_id": "1d97f3d7-8c73-4dac-92de-52afae52edbb"
              }
            ],
            "enable_rbac_authorization": true,
            "enabled_for_deployment": false,
            "enabled_for_disk_encryption": true,
            "enabled_for_template_deployment": false,
            "id": "/subscriptions/22135bdc-d3fd-4095-9a18-2094dab79b13/resourceGroups/deep-rg-1/providers/Microsoft.KeyVault/vaults/myappazurekv",
            "location": "westus",
            "name": "myappazurekv",
            "network_acls": [],
            "public_network_access_enabled": true,
            "purge_protection_enabled": false,
            "rbac_authorization_enabled": true,
            "resource_group_name": "deep-rg-1",
            "sku_name": "standard",
            "tags": {},
            "tenant_id": "1d97f3d7-8c73-4dac-92de-52afae52edbb",
            "timeouts": null,
            "vault_uri": "https://myappazurekv.vault.azure.net/"
          },
          "sensitive_attributes": []
        },
        {
          "index_key": "kv-secret5",
          "schema_version": 0,
          "attributes": {
            "access_policy": [
              {
                "application_id": "",
                "certificate_permissions": [],
                "key_permissions": [
                  "Get",
                  "List",
                  "Update",
                  "Create",
                  "Import",
                  "Delete",
                  "Recover",
                  "Backup",
                  "Restore",
                  "Decrypt",
                  "Encrypt",
                  "UnwrapKey",
                  "WrapKey",
                  "Verify",
                  "Sign",
                  "Purge",
                  "Release",
                  "Rotate",
                  "GetRotationPolicy",
                  "SetRotationPolicy"
                ],
                "object_id": "d79697f6-3cf3-4241-aa30-365556e5d881",
                "secret_permissions": [
                  "Get",
                  "List",
                  "Set",
                  "Delete",
                  "Recover",
                  "Backup",
                  "Restore",
                  "Purge"
                ],
                "storage_permissions": [
                  "Get"
                ],
                "tenant_id": "1d97f3d7-8c73-4dac-92de-52afae52edbb"
              }
            ],
            "enable_rbac_authorization": true,
            "enabled_for_deployment": false,
            "enabled_for_disk_encryption": true,
            "enabled_for_template_deployment": false,
            "id": "/subscriptions/22135bdc-d3fd-4095-9a18-2094dab79b13/resourceGroups/deep-rg-1/providers/Microsoft.KeyVault/vaults/myappazurekv",
            "location": "westus",
            "name": "myappazurekv",
            "network_acls": [],
            "public_network_access_enabled": true,
            "purge_protection_enabled": false,
            "rbac_authorization_enabled": true,
            "resource_group_name": "deep-rg-1",
            "sku_name": "standard",
            "tags": {},
            "tenant_id": "1d97f3d7-8c73-4dac-92de-52afae52edbb",
            "timeouts": null,
            "vault_uri": "https://myappazurekv.vault.azure.net/"
          },
          "sensitive_attributes": []
        },
        {
          "index_key": "kv-secret6",
          "schema_version": 0,
          "attributes": {
            "access_policy": [
              {
                "application_id": "",
                "certificate_permissions": [],
                "key_permissions": [
                  "Get",
                  "List",
                  "Update",
                  "Create",
                  "Import",
                  "Delete",
                  "Recover",
                  "Backup",
                  "Restore",
                  "Decrypt",
                  "Encrypt",
                  "UnwrapKey",
                  "WrapKey",
                  "Verify",
                  "Sign",
                  "Purge",
                  "Release",
                  "Rotate",
                  "GetRotationPolicy",
                  "SetRotationPolicy"
                ],
                "object_id": "d79697f6-3cf3-4241-aa30-365556e5d881",
                "secret_permissions": [
                  "Get",
                  "List",
                  "Set",
                  "Delete",
                  "Recover",
                  "Backup",
                  "Restore",
                  "Purge"
                ],
                "storage_permissions": [
                  "Get"
                ],
                "tenant_id": "1d97f3d7-8c73-4dac-92de-52afae52edbb"
              }
            ],
            "enable_rbac_authorization": true,
            "enabled_for_deployment": false,
            "enabled_for_disk_encryption": true,
            "enabled_for_template_deployment": false,
            "id": "/subscriptions/22135bdc-d3fd-4095-9a18-2094dab79b13/resourceGroups/deep-rg-1/providers/Microsoft.KeyVault/vaults/myappazurekv",
            "location": "westus",
            "name": "myappazurekv",
            "network_acls": [],
            "public_network_access_enabled": true,
            "purge_protection_enabled": false,
            "rbac_authorization_enabled": true,
            "resource_group_name": "deep-rg-1",
            "sku_name": "standard",
            "tags": {},
            "tenant_id": "1d97f3d7-8c73-4dac-92de-52afae52edbb",
            "timeouts": null,
            "vault_uri": "https://myappazurekv.vault.azure.net/"
          },
          "sensitive_attributes": []
        }
      ]
    },
    {
      "module": "module.azurerm_key-vault_secret",
      "mode": "managed",
      "type": "azurerm_key_vault_secret",
      "name": "kv-secret",
      "provider": "provider[\"registry.terraform.io/hashicorp/azurerm\"]",
      "instances": [
        {
          "index_key": "kv-secret1",
          "schema_version": 0,
          "attributes": {
            "content_type": "",
            "expiration_date": null,
            "id": "https://myappazurekv.vault.azure.net/secrets/server-admin-username/592fc0825d254dd6bde7dde05532c82d",
            "key_vault_id": "/subscriptions/22135bdc-d3fd-4095-9a18-2094dab79b13/resourceGroups/deep-rg-1/providers/Microsoft.KeyVault/vaults/myappazurekv",
            "name": "server-admin-username",
            "not_before_date": null,
            "resource_id": "/subscriptions/22135bdc-d3fd-4095-9a18-2094dab79b13/resourceGroups/deep-rg-1/providers/Microsoft.KeyVault/vaults/myappazurekv/secrets/server-admin-username/versions/592fc0825d254dd6bde7dde05532c82d",
            "resource_versionless_id": "/subscriptions/22135bdc-d3fd-4095-9a18-2094dab79b13/resourceGroups/deep-rg-1/providers/Microsoft.KeyVault/vaults/myappazurekv/secrets/server-admin-username",
            "tags": null,
            "timeouts": null,
            "value": "mysqlserver@admin",
            "value_wo": null,
            "value_wo_version": 0,
            "version": "592fc0825d254dd6bde7dde05532c82d",
            "versionless_id": "https://myappazurekv.vault.azure.net/secrets/server-admin-username"
          },
          "sensitive_attributes": [
            [
              {
                "type": "get_attr",
                "value": "value"
              }
            ]
          ],
          "private": "eyJlMmJmYjczMC1lY2FhLTExZTYtOGY4OC0zNDM2M2JjN2M0YzAiOnsiY3JlYXRlIjoxODAwMDAwMDAwMDAwLCJkZWxldGUiOjE4MDAwMDAwMDAwMDAsInJlYWQiOjE4MDAwMDAwMDAwMDAsInVwZGF0ZSI6MTgwMDAwMDAwMDAwMH19",
          "dependencies": [
            "module.azurerm_key-vault.azurerm_key_vault.kv",
            "module.azurerm_key-vault.azurerm_role_assignment.kv_admin",
            "module.azurerm_key-vault.data.azurerm_client_config.current",
            "module.azurerm_key-vault.data.azurerm_subscription.primary",
            "module.azurerm_key-vault_secret.data.azurerm_key_vault.kv",
            "module.azurerm_resource_group.azurerm_resource_group.rg"
          ]
        },
        {
          "index_key": "kv-secret2",
          "schema_version": 0,
          "attributes": {
            "content_type": "",
            "expiration_date": null,
            "id": "https://myappazurekv.vault.azure.net/secrets/server-admin-password/aa806765a3c44187beaf222978253a9b",
            "key_vault_id": "/subscriptions/22135bdc-d3fd-4095-9a18-2094dab79b13/resourceGroups/deep-rg-1/providers/Microsoft.KeyVault/vaults/myappazurekv",
            "name": "server-admin-password",
            "not_before_date": null,
            "resource_id": "/subscriptions/22135bdc-d3fd-4095-9a18-2094dab79b13/resourceGroups/deep-rg-1/providers/Microsoft.KeyVault/vaults/myappazurekv/secrets/server-admin-password/versions/aa806765a3c44187beaf222978253a9b",
            "resource_versionless_id": "/subscriptions/22135bdc-d3fd-4095-9a18-2094dab79b13/resourceGroups/deep-rg-1/providers/Microsoft.KeyVault/vaults/myappazurekv/secrets/server-admin-password",
            "tags": null,
            "timeouts": null,
            "value": "Qwerty@123",
            "value_wo": null,
            "value_wo_version": 0,
            "version": "aa806765a3c44187beaf222978253a9b",
            "versionless_id": "https://myappazurekv.vault.azure.net/secrets/server-admin-password"
          },
          "sensitive_attributes": [
            [
              {
                "type": "get_attr",
                "value": "value"
              }
            ]
          ],
          "private": "eyJlMmJmYjczMC1lY2FhLTExZTYtOGY4OC0zNDM2M2JjN2M0YzAiOnsiY3JlYXRlIjoxODAwMDAwMDAwMDAwLCJkZWxldGUiOjE4MDAwMDAwMDAwMDAsInJlYWQiOjE4MDAwMDAwMDAwMDAsInVwZGF0ZSI6MTgwMDAwMDAwMDAwMH19",
          "dependencies": [
            "module.azurerm_key-vault.azurerm_key_vault.kv",
            "module.azurerm_key-vault.azurerm_role_assignment.kv_admin",
            "module.azurerm_key-vault.data.azurerm_client_config.current",
            "module.azurerm_key-vault.data.azurerm_subscription.primary",
            "module.azurerm_key-vault_secret.data.azurerm_key_vault.kv",
            "module.azurerm_resource_group.azurerm_resource_group.rg"
          ]
        },
        {
          "index_key": "kv-secret3",
          "schema_version": 0,
          "attributes": {
            "content_type": "",
            "expiration_date": null,
            "id": "https://myappazurekv.vault.azure.net/secrets/frontend-vm-admin-username/485926e0a3bc41bba5da102667f8f97a",
            "key_vault_id": "/subscriptions/22135bdc-d3fd-4095-9a18-2094dab79b13/resourceGroups/deep-rg-1/providers/Microsoft.KeyVault/vaults/myappazurekv",
            "name": "frontend-vm-admin-username",
            "not_before_date": null,
            "resource_id": "/subscriptions/22135bdc-d3fd-4095-9a18-2094dab79b13/resourceGroups/deep-rg-1/providers/Microsoft.KeyVault/vaults/myappazurekv/secrets/frontend-vm-admin-username/versions/485926e0a3bc41bba5da102667f8f97a",
            "resource_versionless_id": "/subscriptions/22135bdc-d3fd-4095-9a18-2094dab79b13/resourceGroups/deep-rg-1/providers/Microsoft.KeyVault/vaults/myappazurekv/secrets/frontend-vm-admin-username",
            "tags": null,
            "timeouts": null,
            "value": "myfrontendvm@admin",
            "value_wo": null,
            "value_wo_version": 0,
            "version": "485926e0a3bc41bba5da102667f8f97a",
            "versionless_id": "https://myappazurekv.vault.azure.net/secrets/frontend-vm-admin-username"
          },
          "sensitive_attributes": [
            [
              {
                "type": "get_attr",
                "value": "value"
              }
            ]
          ],
          "private": "eyJlMmJmYjczMC1lY2FhLTExZTYtOGY4OC0zNDM2M2JjN2M0YzAiOnsiY3JlYXRlIjoxODAwMDAwMDAwMDAwLCJkZWxldGUiOjE4MDAwMDAwMDAwMDAsInJlYWQiOjE4MDAwMDAwMDAwMDAsInVwZGF0ZSI6MTgwMDAwMDAwMDAwMH19",
          "dependencies": [
            "module.azurerm_key-vault.azurerm_key_vault.kv",
            "module.azurerm_key-vault.azurerm_role_assignment.kv_admin",
            "module.azurerm_key-vault.data.azurerm_client_config.current",
            "module.azurerm_key-vault.data.azurerm_subscription.primary",
            "module.azurerm_key-vault_secret.data.azurerm_key_vault.kv",
            "module.azurerm_resource_group.azurerm_resource_group.rg"
          ]
        },
        {
          "index_key": "kv-secret4",
          "schema_version": 0,
          "attributes": {
            "content_type": "",
            "expiration_date": null,
            "id": "https://myappazurekv.vault.azure.net/secrets/frontend-vm-admin-password/d9c25f71b9234f11a7afc51c2fed25ea",
            "key_vault_id": "/subscriptions/22135bdc-d3fd-4095-9a18-2094dab79b13/resourceGroups/deep-rg-1/providers/Microsoft.KeyVault/vaults/myappazurekv",
            "name": "frontend-vm-admin-password",
            "not_before_date": null,
            "resource_id": "/subscriptions/22135bdc-d3fd-4095-9a18-2094dab79b13/resourceGroups/deep-rg-1/providers/Microsoft.KeyVault/vaults/myappazurekv/secrets/frontend-vm-admin-password/versions/d9c25f71b9234f11a7afc51c2fed25ea",
            "resource_versionless_id": "/subscriptions/22135bdc-d3fd-4095-9a18-2094dab79b13/resourceGroups/deep-rg-1/providers/Microsoft.KeyVault/vaults/myappazurekv/secrets/frontend-vm-admin-password",
            "tags": null,
            "timeouts": null,
            "value": "Qwerty@123",
            "value_wo": null,
            "value_wo_version": 0,
            "version": "d9c25f71b9234f11a7afc51c2fed25ea",
            "versionless_id": "https://myappazurekv.vault.azure.net/secrets/frontend-vm-admin-password"
          },
          "sensitive_attributes": [
            [
              {
                "type": "get_attr",
                "value": "value"
              }
            ]
          ],
          "private": "eyJlMmJmYjczMC1lY2FhLTExZTYtOGY4OC0zNDM2M2JjN2M0YzAiOnsiY3JlYXRlIjoxODAwMDAwMDAwMDAwLCJkZWxldGUiOjE4MDAwMDAwMDAwMDAsInJlYWQiOjE4MDAwMDAwMDAwMDAsInVwZGF0ZSI6MTgwMDAwMDAwMDAwMH19",
          "dependencies": [
            "module.azurerm_key-vault.azurerm_key_vault.kv",
            "module.azurerm_key-vault.azurerm_role_assignment.kv_admin",
            "module.azurerm_key-vault.data.azurerm_client_config.current",
            "module.azurerm_key-vault.data.azurerm_subscription.primary",
            "module.azurerm_key-vault_secret.data.azurerm_key_vault.kv",
            "module.azurerm_resource_group.azurerm_resource_group.rg"
          ]
        },
        {
          "index_key": "kv-secret5",
          "schema_version": 0,
          "attributes": {
            "content_type": "",
            "expiration_date": null,
            "id": "https://myappazurekv.vault.azure.net/secrets/backend-vm-admin-username/ba4aeeeb62f8423599323f6eb70d67dc",
            "key_vault_id": "/subscriptions/22135bdc-d3fd-4095-9a18-2094dab79b13/resourceGroups/deep-rg-1/providers/Microsoft.KeyVault/vaults/myappazurekv",
            "name": "backend-vm-admin-username",
            "not_before_date": null,
            "resource_id": "/subscriptions/22135bdc-d3fd-4095-9a18-2094dab79b13/resourceGroups/deep-rg-1/providers/Microsoft.KeyVault/vaults/myappazurekv/secrets/backend-vm-admin-username/versions/ba4aeeeb62f8423599323f6eb70d67dc",
            "resource_versionless_id": "/subscriptions/22135bdc-d3fd-4095-9a18-2094dab79b13/resourceGroups/deep-rg-1/providers/Microsoft.KeyVault/vaults/myappazurekv/secrets/backend-vm-admin-username",
            "tags": null,
            "timeouts": null,
            "value": "mybackendvm@admin",
            "value_wo": null,
            "value_wo_version": 0,
            "version": "ba4aeeeb62f8423599323f6eb70d67dc",
            "versionless_id": "https://myappazurekv.vault.azure.net/secrets/backend-vm-admin-username"
          },
          "sensitive_attributes": [
            [
              {
                "type": "get_attr",
                "value": "value"
              }
            ]
          ],
          "private": "eyJlMmJmYjczMC1lY2FhLTExZTYtOGY4OC0zNDM2M2JjN2M0YzAiOnsiY3JlYXRlIjoxODAwMDAwMDAwMDAwLCJkZWxldGUiOjE4MDAwMDAwMDAwMDAsInJlYWQiOjE4MDAwMDAwMDAwMDAsInVwZGF0ZSI6MTgwMDAwMDAwMDAwMH19",
          "dependencies": [
            "module.azurerm_key-vault.azurerm_key_vault.kv",
            "module.azurerm_key-vault.azurerm_role_assignment.kv_admin",
            "module.azurerm_key-vault.data.azurerm_client_config.current",
            "module.azurerm_key-vault.data.azurerm_subscription.primary",
            "module.azurerm_key-vault_secret.data.azurerm_key_vault.kv",
            "module.azurerm_resource_group.azurerm_resource_group.rg"
          ]
        },
        {
          "index_key": "kv-secret6",
          "schema_version": 0,
          "attributes": {
            "content_type": "",
            "expiration_date": null,
            "id": "https://myappazurekv.vault.azure.net/secrets/backend-vm-admin-password/4f906da0e433427d99d5a1cb6c0bbef3",
            "key_vault_id": "/subscriptions/22135bdc-d3fd-4095-9a18-2094dab79b13/resourceGroups/deep-rg-1/providers/Microsoft.KeyVault/vaults/myappazurekv",
            "name": "backend-vm-admin-password",
            "not_before_date": null,
            "resource_id": "/subscriptions/22135bdc-d3fd-4095-9a18-2094dab79b13/resourceGroups/deep-rg-1/providers/Microsoft.KeyVault/vaults/myappazurekv/secrets/backend-vm-admin-password/versions/4f906da0e433427d99d5a1cb6c0bbef3",
            "resource_versionless_id": "/subscriptions/22135bdc-d3fd-4095-9a18-2094dab79b13/resourceGroups/deep-rg-1/providers/Microsoft.KeyVault/vaults/myappazurekv/secrets/backend-vm-admin-password",
            "tags": null,
            "timeouts": null,
            "value": "Qwerty@123",
            "value_wo": null,
            "value_wo_version": 0,
            "version": "4f906da0e433427d99d5a1cb6c0bbef3",
            "versionless_id": "https://myappazurekv.vault.azure.net/secrets/backend-vm-admin-password"
          },
          "sensitive_attributes": [
            [
              {
                "type": "get_attr",
                "value": "value"
              }
            ]
          ],
          "private": "eyJlMmJmYjczMC1lY2FhLTExZTYtOGY4OC0zNDM2M2JjN2M0YzAiOnsiY3JlYXRlIjoxODAwMDAwMDAwMDAwLCJkZWxldGUiOjE4MDAwMDAwMDAwMDAsInJlYWQiOjE4MDAwMDAwMDAwMDAsInVwZGF0ZSI6MTgwMDAwMDAwMDAwMH19",
          "dependencies": [
            "module.azurerm_key-vault.azurerm_key_vault.kv",
            "module.azurerm_key-vault.azurerm_role_assignment.kv_admin",
            "module.azurerm_key-vault.data.azurerm_client_config.current",
            "module.azurerm_key-vault.data.azurerm_subscription.primary",
            "module.azurerm_key-vault_secret.data.azurerm_key_vault.kv",
            "module.azurerm_resource_group.azurerm_resource_group.rg"
          ]
        }
      ]
    },
    {
      "module": "module.azurerm_mssql_server",
      "mode": "data",
      "type": "azurerm_key_vault",
      "name": "kv",
      "provider": "provider[\"registry.terraform.io/hashicorp/azurerm\"]",
      "instances": [
        {
          "index_key": "server1",
          "schema_version": 0,
          "attributes": {
            "access_policy": [
              {
                "application_id": "",
                "certificate_permissions": [],
                "key_permissions": [
                  "Get",
                  "List",
                  "Update",
                  "Create",
                  "Import",
                  "Delete",
                  "Recover",
                  "Backup",
                  "Restore",
                  "Decrypt",
                  "Encrypt",
                  "UnwrapKey",
                  "WrapKey",
                  "Verify",
                  "Sign",
                  "Purge",
                  "Release",
                  "Rotate",
                  "GetRotationPolicy",
                  "SetRotationPolicy"
                ],
                "object_id": "d79697f6-3cf3-4241-aa30-365556e5d881",
                "secret_permissions": [
                  "Get",
                  "List",
                  "Set",
                  "Delete",
                  "Recover",
                  "Backup",
                  "Restore",
                  "Purge"
                ],
                "storage_permissions": [
                  "Get"
                ],
                "tenant_id": "1d97f3d7-8c73-4dac-92de-52afae52edbb"
              }
            ],
            "enable_rbac_authorization": true,
            "enabled_for_deployment": false,
            "enabled_for_disk_encryption": true,
            "enabled_for_template_deployment": false,
            "id": "/subscriptions/22135bdc-d3fd-4095-9a18-2094dab79b13/resourceGroups/deep-rg-1/providers/Microsoft.KeyVault/vaults/myappazurekv",
            "location": "westus",
            "name": "myappazurekv",
            "network_acls": [],
            "public_network_access_enabled": true,
            "purge_protection_enabled": false,
            "rbac_authorization_enabled": true,
            "resource_group_name": "deep-rg-1",
            "sku_name": "standard",
            "tags": {},
            "tenant_id": "1d97f3d7-8c73-4dac-92de-52afae52edbb",
            "timeouts": null,
            "vault_uri": "https://myappazurekv.vault.azure.net/"
          },
          "sensitive_attributes": []
        }
      ]
    },
    {
      "module": "module.azurerm_mssql_server",
      "mode": "data",
      "type": "azurerm_key_vault_secret",
      "name": "server-admin-password",
      "provider": "provider[\"registry.terraform.io/hashicorp/azurerm\"]",
      "instances": [
        {
          "index_key": "server1",
          "schema_version": 0,
          "attributes": {
            "content_type": "",
            "expiration_date": null,
            "id": "https://myappazurekv.vault.azure.net/secrets/server-admin-password/aa806765a3c44187beaf222978253a9b",
            "key_vault_id": "/subscriptions/22135bdc-d3fd-4095-9a18-2094dab79b13/resourceGroups/deep-rg-1/providers/Microsoft.KeyVault/vaults/myappazurekv",
            "name": "server-admin-password",
            "not_before_date": null,
            "resource_id": "/subscriptions/22135bdc-d3fd-4095-9a18-2094dab79b13/resourceGroups/deep-rg-1/providers/Microsoft.KeyVault/vaults/myappazurekv/secrets/server-admin-password/versions/aa806765a3c44187beaf222978253a9b",
            "resource_versionless_id": "/subscriptions/22135bdc-d3fd-4095-9a18-2094dab79b13/resourceGroups/deep-rg-1/providers/Microsoft.KeyVault/vaults/myappazurekv/secrets/server-admin-password",
            "tags": {},
            "timeouts": null,
            "value": "Qwerty@123",
            "version": "aa806765a3c44187beaf222978253a9b",
            "versionless_id": "https://myappazurekv.vault.azure.net/secrets/server-admin-password"
          },
          "sensitive_attributes": [
            [
              {
                "type": "get_attr",
                "value": "value"
              }
            ]
          ]
        }
      ]
    },
    {
      "module": "module.azurerm_mssql_server",
      "mode": "data",
      "type": "azurerm_key_vault_secret",
      "name": "server-admin-username",
      "provider": "provider[\"registry.terraform.io/hashicorp/azurerm\"]",
      "instances": [
        {
          "index_key": "server1",
          "schema_version": 0,
          "attributes": {
            "content_type": "",
            "expiration_date": null,
            "id": "https://myappazurekv.vault.azure.net/secrets/server-admin-username/592fc0825d254dd6bde7dde05532c82d",
            "key_vault_id": "/subscriptions/22135bdc-d3fd-4095-9a18-2094dab79b13/resourceGroups/deep-rg-1/providers/Microsoft.KeyVault/vaults/myappazurekv",
            "name": "server-admin-username",
            "not_before_date": null,
            "resource_id": "/subscriptions/22135bdc-d3fd-4095-9a18-2094dab79b13/resourceGroups/deep-rg-1/providers/Microsoft.KeyVault/vaults/myappazurekv/secrets/server-admin-username/versions/592fc0825d254dd6bde7dde05532c82d",
            "resource_versionless_id": "/subscriptions/22135bdc-d3fd-4095-9a18-2094dab79b13/resourceGroups/deep-rg-1/providers/Microsoft.KeyVault/vaults/myappazurekv/secrets/server-admin-username",
            "tags": {},
            "timeouts": null,
            "value": "mysqlserver@admin",
            "version": "592fc0825d254dd6bde7dde05532c82d",
            "versionless_id": "https://myappazurekv.vault.azure.net/secrets/server-admin-username"
          },
          "sensitive_attributes": [
            [
              {
                "type": "get_attr",
                "value": "value"
              }
            ]
          ]
        }
      ]
    },
    {
      "module": "module.azurerm_mssql_server",
      "mode": "managed",
      "type": "azurerm_mssql_server",
      "name": "sql_server",
      "provider": "provider[\"registry.terraform.io/hashicorp/azurerm\"]",
      "instances": [
        {
          "index_key": "server1",
          "schema_version": 0,
          "attributes": {
            "administrator_login": "mysqlserver@admin",
            "administrator_login_password": "Qwerty@123",
            "administrator_login_password_wo": null,
            "administrator_login_password_wo_version": 0,
            "azuread_administrator": [],
            "connection_policy": "Default",
            "express_vulnerability_assessment_enabled": false,
            "fully_qualified_domain_name": "myappserver07070707.database.windows.net",
            "id": "/subscriptions/22135bdc-d3fd-4095-9a18-2094dab79b13/resourceGroups/deep-rg-1/providers/Microsoft.Sql/servers/myappserver07070707",
            "identity": [],
            "location": "westus",
            "minimum_tls_version": "1.2",
            "name": "myappserver07070707",
            "outbound_network_restriction_enabled": false,
            "primary_user_assigned_identity_id": "",
            "public_network_access_enabled": false,
            "resource_group_name": "deep-rg-1",
            "restorable_dropped_database_ids": [],
            "tags": {
              "environment": "dev",
              "project": "todo-app"
            },
            "timeouts": null,
            "transparent_data_encryption_key_vault_key_id": "",
            "version": "12.0"
          },
          "sensitive_attributes": [
            [
              {
                "type": "get_attr",
                "value": "administrator_login"
              }
            ],
            [
              {
                "type": "get_attr",
                "value": "administrator_login_password"
              }
            ],
            [
              {
                "type": "get_attr",
                "value": "administrator_login_password_wo"
              }
            ]
          ],
          "private": "eyJlMmJmYjczMC1lY2FhLTExZTYtOGY4OC0zNDM2M2JjN2M0YzAiOnsiY3JlYXRlIjozNjAwMDAwMDAwMDAwLCJkZWxldGUiOjM2MDAwMDAwMDAwMDAsInJlYWQiOjMwMDAwMDAwMDAwMCwidXBkYXRlIjozNjAwMDAwMDAwMDAwfX0=",
          "dependencies": [
            "module.azurerm_key-vault.azurerm_key_vault.kv",
            "module.azurerm_key-vault.azurerm_role_assignment.kv_admin",
            "module.azurerm_key-vault.data.azurerm_client_config.current",
            "module.azurerm_key-vault.data.azurerm_subscription.primary",
            "module.azurerm_key-vault_secret.azurerm_key_vault_secret.kv-secret",
            "module.azurerm_key-vault_secret.data.azurerm_key_vault.kv",
            "module.azurerm_mssql_server.data.azurerm_key_vault.kv",
            "module.azurerm_mssql_server.data.azurerm_key_vault_secret.server-admin-password",
            "module.azurerm_mssql_server.data.azurerm_key_vault_secret.server-admin-username",
            "module.azurerm_resource_group.azurerm_resource_group.rg"
          ]
        }
      ]
    },
    {
      "module": "module.azurerm_network_security_group",
      "mode": "managed",
      "type": "azurerm_network_security_group",
      "name": "nsg",
      "provider": "provider[\"registry.terraform.io/hashicorp/azurerm\"]",
      "instances": [
        {
          "index_key": "nsg1",
          "schema_version": 0,
          "attributes": {
            "id": "/subscriptions/22135bdc-d3fd-4095-9a18-2094dab79b13/resourceGroups/deep-rg-1/providers/Microsoft.Network/networkSecurityGroups/dev_frontend_nsg_name",
            "location": "westus",
            "name": "dev_frontend_nsg_name",
            "resource_group_name": "deep-rg-1",
            "security_rule": [
              {
                "access": "Allow",
                "description": "",
                "destination_address_prefix": "*",
                "destination_address_prefixes": [],
                "destination_application_security_group_ids": [],
                "destination_port_range": "80",
                "destination_port_ranges": [],
                "direction": "Inbound",
                "name": "dev_frontend_test",
                "priority": 100,
                "protocol": "Tcp",
                "source_address_prefix": "*",
                "source_address_prefixes": [],
                "source_application_security_group_ids": [],
                "source_port_range": "22",
                "source_port_ranges": []
              }
            ],
            "tags": {
              "environment": "dev",
              "project": "todo-app"
            },
            "timeouts": null
          },
          "sensitive_attributes": [],
          "private": "eyJlMmJmYjczMC1lY2FhLTExZTYtOGY4OC0zNDM2M2JjN2M0YzAiOnsiY3JlYXRlIjoxODAwMDAwMDAwMDAwLCJkZWxldGUiOjE4MDAwMDAwMDAwMDAsInJlYWQiOjMwMDAwMDAwMDAwMCwidXBkYXRlIjoxODAwMDAwMDAwMDAwfX0=",
          "dependencies": [
            "module.azurerm_resource_group.azurerm_resource_group.rg"
          ]
        },
        {
          "index_key": "nsg2",
          "schema_version": 0,
          "attributes": {
            "id": "/subscriptions/22135bdc-d3fd-4095-9a18-2094dab79b13/resourceGroups/deep-rg-1/providers/Microsoft.Network/networkSecurityGroups/dev_backend_nsg_name",
            "location": "westus",
            "name": "dev_backend_nsg_name",
            "resource_group_name": "deep-rg-1",
            "security_rule": [
              {
                "access": "Allow",
                "description": "",
                "destination_address_prefix": "*",
                "destination_address_prefixes": [],
                "destination_application_security_group_ids": [],
                "destination_port_range": "80",
                "destination_port_ranges": [],
                "direction": "Inbound",
                "name": "dev_backend_test",
                "priority": 100,
                "protocol": "Tcp",
                "source_address_prefix": "*",
                "source_address_prefixes": [],
                "source_application_security_group_ids": [],
                "source_port_range": "22",
                "source_port_ranges": []
              }
            ],
            "tags": {
              "environment": "dev",
              "project": "todo-app"
            },
            "timeouts": null
          },
          "sensitive_attributes": [],
          "private": "eyJlMmJmYjczMC1lY2FhLTExZTYtOGY4OC0zNDM2M2JjN2M0YzAiOnsiY3JlYXRlIjoxODAwMDAwMDAwMDAwLCJkZWxldGUiOjE4MDAwMDAwMDAwMDAsInJlYWQiOjMwMDAwMDAwMDAwMCwidXBkYXRlIjoxODAwMDAwMDAwMDAwfX0=",
          "dependencies": [
            "module.azurerm_resource_group.azurerm_resource_group.rg"
          ]
        }
      ]
    },
    {
      "module": "module.azurerm_networking_infra",
      "mode": "managed",
      "type": "azurerm_virtual_network",
      "name": "vnet",
      "provider": "provider[\"registry.terraform.io/hashicorp/azurerm\"]",
      "instances": [
        {
          "index_key": "vnet1",
          "schema_version": 0,
          "attributes": {
            "address_space": [
              "10.0.0.0/16"
            ],
            "bgp_community": "",
            "ddos_protection_plan": [],
            "dns_servers": [
              "10.0.0.4",
              "10.0.0.5"
            ],
            "edge_zone": "",
            "encryption": [],
            "flow_timeout_in_minutes": 0,
            "guid": "d3e874b9-a4bc-4526-917c-8eeaa191de30",
            "id": "/subscriptions/22135bdc-d3fd-4095-9a18-2094dab79b13/resourceGroups/deep-rg-1/providers/Microsoft.Network/virtualNetworks/vnet-1",
            "ip_address_pool": [],
            "location": "westus",
            "name": "vnet-1",
            "private_endpoint_vnet_policies": "Disabled",
            "resource_group_name": "deep-rg-1",
            "subnet": [
              {
                "address_prefixes": [
                  "10.0.1.0/24"
                ],
                "default_outbound_access_enabled": true,
                "delegation": [],
                "id": "/subscriptions/22135bdc-d3fd-4095-9a18-2094dab79b13/resourceGroups/deep-rg-1/providers/Microsoft.Network/virtualNetworks/vnet-1/subnets/frontend-subnet",
                "name": "frontend-subnet",
                "private_endpoint_network_policies": "Disabled",
                "private_link_service_network_policies_enabled": true,
                "route_table_id": "",
                "security_group": "",
                "service_endpoint_policy_ids": [],
                "service_endpoints": []
              },
              {
                "address_prefixes": [
                  "10.0.2.0/24"
                ],
                "default_outbound_access_enabled": true,
                "delegation": [],
                "id": "/subscriptions/22135bdc-d3fd-4095-9a18-2094dab79b13/resourceGroups/deep-rg-1/providers/Microsoft.Network/virtualNetworks/vnet-1/subnets/backend-subnet",
                "name": "backend-subnet",
                "private_endpoint_network_policies": "Disabled",
                "private_link_service_network_policies_enabled": true,
                "route_table_id": "",
                "security_group": "",
                "service_endpoint_policy_ids": [],
                "service_endpoints": []
              },
              {
                "address_prefixes": [
                  "10.0.3.0/24"
                ],
                "default_outbound_access_enabled": true,
                "delegation": [],
                "id": "/subscriptions/22135bdc-d3fd-4095-9a18-2094dab79b13/resourceGroups/deep-rg-1/providers/Microsoft.Network/virtualNetworks/vnet-1/subnets/AzureBastionSubnet",
                "name": "AzureBastionSubnet",
                "private_endpoint_network_policies": "Disabled",
                "private_link_service_network_policies_enabled": true,
                "route_table_id": "",
                "security_group": "",
                "service_endpoint_policy_ids": [],
                "service_endpoints": []
              }
            ],
            "tags": null,
            "timeouts": null
          },
          "sensitive_attributes": [],
          "private": "eyJlMmJmYjczMC1lY2FhLTExZTYtOGY4OC0zNDM2M2JjN2M0YzAiOnsiY3JlYXRlIjoxODAwMDAwMDAwMDAwLCJkZWxldGUiOjE4MDAwMDAwMDAwMDAsInJlYWQiOjMwMDAwMDAwMDAwMCwidXBkYXRlIjoxODAwMDAwMDAwMDAwfX0=",
          "dependencies": [
            "module.azurerm_resource_group.azurerm_resource_group.rg"
          ]
        },
        {
          "index_key": "vnet2",
          "schema_version": 0,
          "attributes": {
            "address_space": [
              "10.1.0.0/16"
            ],
            "bgp_community": "",
            "ddos_protection_plan": [],
            "dns_servers": [
              "10.0.0.4",
              "10.0.0.5"
            ],
            "edge_zone": "",
            "encryption": [],
            "flow_timeout_in_minutes": 0,
            "guid": "bebbc315-7a60-413b-b507-397623bc7568",
            "id": "/subscriptions/22135bdc-d3fd-4095-9a18-2094dab79b13/resourceGroups/deep-rg-2/providers/Microsoft.Network/virtualNetworks/vnet-2",
            "ip_address_pool": [],
            "location": "westus",
            "name": "vnet-2",
            "private_endpoint_vnet_policies": "Disabled",
            "resource_group_name": "deep-rg-2",
            "subnet": [
              {
                "address_prefixes": [
                  "10.1.1.0/24"
                ],
                "default_outbound_access_enabled": true,
                "delegation": [],
                "id": "/subscriptions/22135bdc-d3fd-4095-9a18-2094dab79b13/resourceGroups/deep-rg-2/providers/Microsoft.Network/virtualNetworks/vnet-2/subnets/subnet-1",
                "name": "subnet-1",
                "private_endpoint_network_policies": "Disabled",
                "private_link_service_network_policies_enabled": true,
                "route_table_id": "",
                "security_group": "",
                "service_endpoint_policy_ids": [],
                "service_endpoints": []
              },
              {
                "address_prefixes": [
                  "10.1.2.0/24"
                ],
                "default_outbound_access_enabled": true,
                "delegation": [],
                "id": "/subscriptions/22135bdc-d3fd-4095-9a18-2094dab79b13/resourceGroups/deep-rg-2/providers/Microsoft.Network/virtualNetworks/vnet-2/subnets/subnet-2",
                "name": "subnet-2",
                "private_endpoint_network_policies": "Disabled",
                "private_link_service_network_policies_enabled": true,
                "route_table_id": "",
                "security_group": "",
                "service_endpoint_policy_ids": [],
                "service_endpoints": []
              }
            ],
            "tags": null,
            "timeouts": null
          },
          "sensitive_attributes": [],
          "private": "eyJlMmJmYjczMC1lY2FhLTExZTYtOGY4OC0zNDM2M2JjN2M0YzAiOnsiY3JlYXRlIjoxODAwMDAwMDAwMDAwLCJkZWxldGUiOjE4MDAwMDAwMDAwMDAsInJlYWQiOjMwMDAwMDAwMDAwMCwidXBkYXRlIjoxODAwMDAwMDAwMDAwfX0=",
          "dependencies": [
            "module.azurerm_resource_group.azurerm_resource_group.rg"
          ]
        }
      ]
    },
    {
      "module": "module.azurerm_pip",
      "mode": "managed",
      "type": "azurerm_public_ip",
      "name": "todo-pip",
      "provider": "provider[\"registry.terraform.io/hashicorp/azurerm\"]",
      "instances": [
        {
          "index_key": "pip1",
          "schema_version": 0,
          "attributes": {
            "allocation_method": "Static",
            "ddos_protection_mode": "VirtualNetworkInherited",
            "ddos_protection_plan_id": null,
            "domain_name_label": null,
            "domain_name_label_scope": null,
            "edge_zone": "",
            "fqdn": null,
            "id": "/subscriptions/22135bdc-d3fd-4095-9a18-2094dab79b13/resourceGroups/deep-rg-1/providers/Microsoft.Network/publicIPAddresses/frontend-pip",
            "idle_timeout_in_minutes": 4,
            "ip_address": "40.125.46.74",
            "ip_tags": null,
            "ip_version": "IPv4",
            "location": "westus",
            "name": "frontend-pip",
            "public_ip_prefix_id": null,
            "resource_group_name": "deep-rg-1",
            "reverse_fqdn": null,
            "sku": "Standard",
            "sku_tier": "Regional",
            "tags": {
              "environment": "dev",
              "project": "todo-app"
            },
            "timeouts": null,
            "zones": null
          },
          "sensitive_attributes": [],
          "private": "eyJlMmJmYjczMC1lY2FhLTExZTYtOGY4OC0zNDM2M2JjN2M0YzAiOnsiY3JlYXRlIjoxODAwMDAwMDAwMDAwLCJkZWxldGUiOjE4MDAwMDAwMDAwMDAsInJlYWQiOjMwMDAwMDAwMDAwMCwidXBkYXRlIjoxODAwMDAwMDAwMDAwfX0=",
          "dependencies": [
            "module.azurerm_resource_group.azurerm_resource_group.rg"
          ]
        },
        {
          "index_key": "pip2",
          "schema_version": 0,
          "attributes": {
            "allocation_method": "Static",
            "ddos_protection_mode": "VirtualNetworkInherited",
            "ddos_protection_plan_id": null,
            "domain_name_label": null,
            "domain_name_label_scope": null,
            "edge_zone": "",
            "fqdn": null,
            "id": "/subscriptions/22135bdc-d3fd-4095-9a18-2094dab79b13/resourceGroups/deep-rg-1/providers/Microsoft.Network/publicIPAddresses/backend-pip",
            "idle_timeout_in_minutes": 4,
            "ip_address": "20.59.127.193",
            "ip_tags": null,
            "ip_version": "IPv4",
            "location": "westus",
            "name": "backend-pip",
            "public_ip_prefix_id": null,
            "resource_group_name": "deep-rg-1",
            "reverse_fqdn": null,
            "sku": "Standard",
            "sku_tier": "Regional",
            "tags": {
              "environment": "dev",
              "project": "todo-app"
            },
            "timeouts": null,
            "zones": null
          },
          "sensitive_attributes": [],
          "private": "eyJlMmJmYjczMC1lY2FhLTExZTYtOGY4OC0zNDM2M2JjN2M0YzAiOnsiY3JlYXRlIjoxODAwMDAwMDAwMDAwLCJkZWxldGUiOjE4MDAwMDAwMDAwMDAsInJlYWQiOjMwMDAwMDAwMDAwMCwidXBkYXRlIjoxODAwMDAwMDAwMDAwfX0=",
          "dependencies": [
            "module.azurerm_resource_group.azurerm_resource_group.rg"
          ]
        }
      ]
    },
    {
      "module": "module.azurerm_resource_group",
      "mode": "managed",
      "type": "azurerm_resource_group",
      "name": "rg",
      "provider": "provider[\"registry.terraform.io/hashicorp/azurerm\"]",
      "instances": [
        {
          "index_key": "rg1",
          "schema_version": 0,
          "attributes": {
            "id": "/subscriptions/22135bdc-d3fd-4095-9a18-2094dab79b13/resourceGroups/deep-rg-1",
            "location": "westus",
            "managed_by": "deep",
            "name": "deep-rg-1",
            "tags": {
              "environment": "dev",
              "project": "todo-app"
            },
            "timeouts": null
          },
          "sensitive_attributes": [],
          "private": "eyJlMmJmYjczMC1lY2FhLTExZTYtOGY4OC0zNDM2M2JjN2M0YzAiOnsiY3JlYXRlIjo1NDAwMDAwMDAwMDAwLCJkZWxldGUiOjU0MDAwMDAwMDAwMDAsInJlYWQiOjMwMDAwMDAwMDAwMCwidXBkYXRlIjo1NDAwMDAwMDAwMDAwfX0="
        },
        {
          "index_key": "rg2",
          "schema_version": 0,
          "attributes": {
            "id": "/subscriptions/22135bdc-d3fd-4095-9a18-2094dab79b13/resourceGroups/deep-rg-2",
            "location": "westus",
            "managed_by": "",
            "name": "deep-rg-2",
            "tags": {
              "environment": "dev",
              "project": "todo-app"
            },
            "timeouts": null
          },
          "sensitive_attributes": [],
          "private": "eyJlMmJmYjczMC1lY2FhLTExZTYtOGY4OC0zNDM2M2JjN2M0YzAiOnsiY3JlYXRlIjo1NDAwMDAwMDAwMDAwLCJkZWxldGUiOjU0MDAwMDAwMDAwMDAsInJlYWQiOjMwMDAwMDAwMDAwMCwidXBkYXRlIjo1NDAwMDAwMDAwMDAwfX0="
        }
      ]
    },
    {
      "module": "module.azurerm_sql_db",
      "mode": "data",
      "type": "azurerm_mssql_server",
      "name": "sql_server",
      "provider": "provider[\"registry.terraform.io/hashicorp/azurerm\"]",
      "instances": [
        {
          "index_key": "db1",
          "schema_version": 0,
          "attributes": {
            "administrator_login": "mysqlserver@admin",
            "express_vulnerability_assessment_enabled": false,
            "fully_qualified_domain_name": "myappserver07070707.database.windows.net",
            "id": "/subscriptions/22135bdc-d3fd-4095-9a18-2094dab79b13/resourceGroups/deep-rg-1/providers/Microsoft.Sql/servers/myappserver07070707",
            "identity": [],
            "location": "westus",
            "name": "myappserver07070707",
            "resource_group_name": "deep-rg-1",
            "restorable_dropped_database_ids": [],
            "tags": {
              "environment": "dev",
              "project": "todo-app"
            },
            "timeouts": null,
            "transparent_data_encryption_key_vault_key_id": "",
            "version": "12.0"
          },
          "sensitive_attributes": []
        }
      ]
    },
    {
      "module": "module.azurerm_sql_db",
      "mode": "managed",
      "type": "azurerm_mssql_database",
      "name": "sql_db",
      "provider": "provider[\"registry.terraform.io/hashicorp/azurerm\"]",
      "instances": [
        {
          "index_key": "db1",
          "schema_version": 1,
          "attributes": {
            "auto_pause_delay_in_minutes": 0,
            "collation": "SQL_Latin1_General_CP1_CI_AS",
            "create_mode": "Default",
            "creation_source_database_id": null,
            "elastic_pool_id": "",
            "enclave_type": "VBS",
            "geo_backup_enabled": true,
            "id": "/subscriptions/22135bdc-d3fd-4095-9a18-2094dab79b13/resourceGroups/deep-rg-1/providers/Microsoft.Sql/servers/myappserver07070707/databases/todosqldb_18122025",
            "identity": [],
            "import": [],
            "ledger_enabled": false,
            "license_type": "LicenseIncluded",
            "long_term_retention_policy": [
              {
                "immutable_backups_enabled": false,
                "monthly_retention": "PT0S",
                "week_of_year": 1,
                "weekly_retention": "PT0S",
                "yearly_retention": "PT0S"
              }
            ],
            "maintenance_configuration_name": "SQL_Default",
            "max_size_gb": 2,
            "min_capacity": 0,
            "name": "todosqldb_18122025",
            "read_replica_count": 0,
            "read_scale": false,
            "recover_database_id": null,
            "recovery_point_id": null,
            "restore_dropped_database_id": null,
            "restore_long_term_retention_backup_id": null,
            "restore_point_in_time": null,
            "sample_name": null,
            "secondary_type": "",
            "server_id": "/subscriptions/22135bdc-d3fd-4095-9a18-2094dab79b13/resourceGroups/deep-rg-1/providers/Microsoft.Sql/servers/myappserver07070707",
            "short_term_retention_policy": [
              {
                "backup_interval_in_hours": 24,
                "retention_days": 7
              }
            ],
            "sku_name": "S0",
            "storage_account_type": "Geo",
            "tags": {
              "environment": "dev",
              "project": "todo-app"
            },
            "threat_detection_policy": [
              {
                "disabled_alerts": [],
                "email_account_admins": "Disabled",
                "email_addresses": [],
                "retention_days": 0,
                "state": "Disabled",
                "storage_account_access_key": "",
                "storage_endpoint": ""
              }
            ],
            "timeouts": null,
            "transparent_data_encryption_enabled": true,
            "transparent_data_encryption_key_automatic_rotation_enabled": false,
            "transparent_data_encryption_key_vault_key_id": "",
            "zone_redundant": false
          },
          "sensitive_attributes": [
            [
              {
                "type": "get_attr",
                "value": "threat_detection_policy"
              },
              {
                "type": "index",
                "value": {
                  "value": 0,
                  "type": "number"
                }
              },
              {
                "type": "get_attr",
                "value": "storage_account_access_key"
              }
            ]
          ],
          "private": "eyJlMmJmYjczMC1lY2FhLTExZTYtOGY4OC0zNDM2M2JjN2M0YzAiOnsiY3JlYXRlIjozNjAwMDAwMDAwMDAwLCJkZWxldGUiOjM2MDAwMDAwMDAwMDAsInJlYWQiOjMwMDAwMDAwMDAwMCwidXBkYXRlIjozNjAwMDAwMDAwMDAwfSwic2NoZW1hX3ZlcnNpb24iOiIxIn0=",
          "dependencies": [
            "module.azurerm_key-vault.azurerm_key_vault.kv",
            "module.azurerm_key-vault.azurerm_role_assignment.kv_admin",
            "module.azurerm_key-vault.data.azurerm_client_config.current",
            "module.azurerm_key-vault.data.azurerm_subscription.primary",
            "module.azurerm_key-vault_secret.azurerm_key_vault_secret.kv-secret",
            "module.azurerm_key-vault_secret.data.azurerm_key_vault.kv",
            "module.azurerm_mssql_server.azurerm_mssql_server.sql_server",
            "module.azurerm_mssql_server.data.azurerm_key_vault.kv",
            "module.azurerm_mssql_server.data.azurerm_key_vault_secret.server-admin-password",
            "module.azurerm_mssql_server.data.azurerm_key_vault_secret.server-admin-username",
            "module.azurerm_resource_group.azurerm_resource_group.rg",
            "module.azurerm_sql_db.data.azurerm_mssql_server.sql_server"
          ]
        }
      ]
    }
  ],
  "check_results": null
}
